// !$*UTF8*$!
{
	archiveVersion = 1;
	classes = {
	};
	objectVersion = 55;
	objects = {

/* Begin PBXBuildFile section */
		991D1FEE2762E2C000A12D02 /* MapView.swift in Sources */ = {isa = PBXBuildFile; fileRef = 991D1FED2762E2C000A12D02 /* MapView.swift */; };
		9930E842278B5FA10037FA86 /* HexagonParameters.swift in Sources */ = {isa = PBXBuildFile; fileRef = 9930E841278B5FA10037FA86 /* HexagonParameters.swift */; };
		9930E844278B607D0037FA86 /* BadgeBackground.swift in Sources */ = {isa = PBXBuildFile; fileRef = 9930E843278B607D0037FA86 /* BadgeBackground.swift */; };
		9930E848278B6BF50037FA86 /* BadgeSymbol.swift in Sources */ = {isa = PBXBuildFile; fileRef = 9930E847278B6BF50037FA86 /* BadgeSymbol.swift */; };
		9930E84A278B6C950037FA86 /* RotatedBadgeSymbol.swift in Sources */ = {isa = PBXBuildFile; fileRef = 9930E849278B6C950037FA86 /* RotatedBadgeSymbol.swift */; };
		9930E84C278B6CFC0037FA86 /* Badge.swift in Sources */ = {isa = PBXBuildFile; fileRef = 9930E84B278B6CFC0037FA86 /* Badge.swift */; };
		9930E84F278B6F260037FA86 /* hikeData.json in Resources */ = {isa = PBXBuildFile; fileRef = 9930E84E278B6F260037FA86 /* hikeData.json */; };
		9930E851278B6F470037FA86 /* Hike.swift in Sources */ = {isa = PBXBuildFile; fileRef = 9930E850278B6F470037FA86 /* Hike.swift */; };
		9930E859278B6FAA0037FA86 /* GraphCapsule.swift in Sources */ = {isa = PBXBuildFile; fileRef = 9930E855278B6FAA0037FA86 /* GraphCapsule.swift */; };
		9930E85A278B6FAA0037FA86 /* HikeGraph.swift in Sources */ = {isa = PBXBuildFile; fileRef = 9930E856278B6FAA0037FA86 /* HikeGraph.swift */; };
		9930E85B278B6FAA0037FA86 /* HikeDetail.swift in Sources */ = {isa = PBXBuildFile; fileRef = 9930E857278B6FAA0037FA86 /* HikeDetail.swift */; };
		9930E85C278B6FAA0037FA86 /* HikeView.swift in Sources */ = {isa = PBXBuildFile; fileRef = 9930E858278B6FAA0037FA86 /* HikeView.swift */; };
		9930E85F278B90EB0037FA86 /* CategoryHome.swift in Sources */ = {isa = PBXBuildFile; fileRef = 9930E85E278B90EB0037FA86 /* CategoryHome.swift */; };
		9930E861278B95DA0037FA86 /* CategoryRow.swift in Sources */ = {isa = PBXBuildFile; fileRef = 9930E860278B95DA0037FA86 /* CategoryRow.swift */; };
		9930E863278B995A0037FA86 /* CategoryItem.swift in Sources */ = {isa = PBXBuildFile; fileRef = 9930E862278B995A0037FA86 /* CategoryItem.swift */; };
		995D2D8E278EEE74002438FF /* Profile.swift in Sources */ = {isa = PBXBuildFile; fileRef = 995D2D8D278EEE74002438FF /* Profile.swift */; };
		995D2D91278EEEB9002438FF /* ProfileHost.swift in Sources */ = {isa = PBXBuildFile; fileRef = 995D2D90278EEEB9002438FF /* ProfileHost.swift */; };
		995D2D93278EEF07002438FF /* ProfileSummary.swift in Sources */ = {isa = PBXBuildFile; fileRef = 995D2D92278EEF07002438FF /* ProfileSummary.swift */; };
		995D2D95278EEF9E002438FF /* HikeBadge.swift in Sources */ = {isa = PBXBuildFile; fileRef = 995D2D94278EEF9E002438FF /* HikeBadge.swift */; };
		995D2D97278EF1DA002438FF /* ProfileEditor.swift in Sources */ = {isa = PBXBuildFile; fileRef = 995D2D96278EF1DA002438FF /* ProfileEditor.swift */; };
		99B4D7702785B9BC00A82B5B /* FavoriteButton.swift in Sources */ = {isa = PBXBuildFile; fileRef = 99B4D76F2785B9BC00A82B5B /* FavoriteButton.swift */; };
		99E34F2D278488CD00631575 /* landmarkData.json in Resources */ = {isa = PBXBuildFile; fileRef = 99E34F2C278488CD00631575 /* landmarkData.json */; };
		99E34F2F2784890F00631575 /* Landmark.swift in Sources */ = {isa = PBXBuildFile; fileRef = 99E34F2E2784890F00631575 /* Landmark.swift */; };
		99E34F3127848AFF00631575 /* ModelData.swift in Sources */ = {isa = PBXBuildFile; fileRef = 99E34F3027848AFF00631575 /* ModelData.swift */; };
		99E34F3627848D5800631575 /* LandmarkRow.swift in Sources */ = {isa = PBXBuildFile; fileRef = 99E34F3527848D5800631575 /* LandmarkRow.swift */; };
		99E34F382784902700631575 /* LandmarkList.swift in Sources */ = {isa = PBXBuildFile; fileRef = 99E34F372784902700631575 /* LandmarkList.swift */; };
		99E34F3A278492F900631575 /* LandmarkDetail.swift in Sources */ = {isa = PBXBuildFile; fileRef = 99E34F39278492F900631575 /* LandmarkDetail.swift */; };
		99E3877E27627B4100F3C951 /* landmarksTutorialApp.swift in Sources */ = {isa = PBXBuildFile; fileRef = 99E3877D27627B4100F3C951 /* landmarksTutorialApp.swift */; };
		99E3878027627B4100F3C951 /* ContentView.swift in Sources */ = {isa = PBXBuildFile; fileRef = 99E3877F27627B4100F3C951 /* ContentView.swift */; };
		99E3878227627B4500F3C951 /* Assets.xcassets in Resources */ = {isa = PBXBuildFile; fileRef = 99E3878127627B4500F3C951 /* Assets.xcassets */; };
		99E3878527627B4500F3C951 /* Preview Assets.xcassets in Resources */ = {isa = PBXBuildFile; fileRef = 99E3878427627B4500F3C951 /* Preview Assets.xcassets */; };
		99E3878F27627B4500F3C951 /* landmarksTutorialTests.swift in Sources */ = {isa = PBXBuildFile; fileRef = 99E3878E27627B4500F3C951 /* landmarksTutorialTests.swift */; };
		99E3879927627B4500F3C951 /* landmarksTutorialUITests.swift in Sources */ = {isa = PBXBuildFile; fileRef = 99E3879827627B4500F3C951 /* landmarksTutorialUITests.swift */; };
		99E3879B27627B4500F3C951 /* landmarksTutorialUITestsLaunchTests.swift in Sources */ = {isa = PBXBuildFile; fileRef = 99E3879A27627B4500F3C951 /* landmarksTutorialUITestsLaunchTests.swift */; };
		99E387A82762820D00F3C951 /* CircleImage.swift in Sources */ = {isa = PBXBuildFile; fileRef = 99E387A72762820D00F3C951 /* CircleImage.swift */; };
/* End PBXBuildFile section */

/* Begin PBXContainerItemProxy section */
		99E3878B27627B4500F3C951 /* PBXContainerItemProxy */ = {
			isa = PBXContainerItemProxy;
			containerPortal = 99E3877227627B4100F3C951 /* Project object */;
			proxyType = 1;
			remoteGlobalIDString = 99E3877927627B4100F3C951;
			remoteInfo = landmarksTutorial;
		};
		99E3879527627B4500F3C951 /* PBXContainerItemProxy */ = {
			isa = PBXContainerItemProxy;
			containerPortal = 99E3877227627B4100F3C951 /* Project object */;
			proxyType = 1;
			remoteGlobalIDString = 99E3877927627B4100F3C951;
			remoteInfo = landmarksTutorial;
		};
/* End PBXContainerItemProxy section */

/* Begin PBXFileReference section */
		991D1FED2762E2C000A12D02 /* MapView.swift */ = {isa = PBXFileReference; lastKnownFileType = sourcecode.swift; path = MapView.swift; sourceTree = "<group>"; };
		9930E841278B5FA10037FA86 /* HexagonParameters.swift */ = {isa = PBXFileReference; lastKnownFileType = sourcecode.swift; path = HexagonParameters.swift; sourceTree = "<group>"; };
		9930E843278B607D0037FA86 /* BadgeBackground.swift */ = {isa = PBXFileReference; lastKnownFileType = sourcecode.swift; path = BadgeBackground.swift; sourceTree = "<group>"; };
		9930E847278B6BF50037FA86 /* BadgeSymbol.swift */ = {isa = PBXFileReference; lastKnownFileType = sourcecode.swift; path = BadgeSymbol.swift; sourceTree = "<group>"; };
		9930E849278B6C950037FA86 /* RotatedBadgeSymbol.swift */ = {isa = PBXFileReference; lastKnownFileType = sourcecode.swift; path = RotatedBadgeSymbol.swift; sourceTree = "<group>"; };
		9930E84B278B6CFC0037FA86 /* Badge.swift */ = {isa = PBXFileReference; lastKnownFileType = sourcecode.swift; path = Badge.swift; sourceTree = "<group>"; };
		9930E84E278B6F260037FA86 /* hikeData.json */ = {isa = PBXFileReference; fileEncoding = 4; lastKnownFileType = text.json; path = hikeData.json; sourceTree = "<group>"; };
		9930E850278B6F470037FA86 /* Hike.swift */ = {isa = PBXFileReference; lastKnownFileType = sourcecode.swift; path = Hike.swift; sourceTree = "<group>"; };
		9930E855278B6FAA0037FA86 /* GraphCapsule.swift */ = {isa = PBXFileReference; fileEncoding = 4; lastKnownFileType = sourcecode.swift; path = GraphCapsule.swift; sourceTree = "<group>"; };
		9930E856278B6FAA0037FA86 /* HikeGraph.swift */ = {isa = PBXFileReference; fileEncoding = 4; lastKnownFileType = sourcecode.swift; path = HikeGraph.swift; sourceTree = "<group>"; };
		9930E857278B6FAA0037FA86 /* HikeDetail.swift */ = {isa = PBXFileReference; fileEncoding = 4; lastKnownFileType = sourcecode.swift; path = HikeDetail.swift; sourceTree = "<group>"; };
		9930E858278B6FAA0037FA86 /* HikeView.swift */ = {isa = PBXFileReference; fileEncoding = 4; lastKnownFileType = sourcecode.swift; path = HikeView.swift; sourceTree = "<group>"; };
		9930E85E278B90EB0037FA86 /* CategoryHome.swift */ = {isa = PBXFileReference; lastKnownFileType = sourcecode.swift; path = CategoryHome.swift; sourceTree = "<group>"; };
		9930E860278B95DA0037FA86 /* CategoryRow.swift */ = {isa = PBXFileReference; lastKnownFileType = sourcecode.swift; path = CategoryRow.swift; sourceTree = "<group>"; };
		9930E862278B995A0037FA86 /* CategoryItem.swift */ = {isa = PBXFileReference; lastKnownFileType = sourcecode.swift; path = CategoryItem.swift; sourceTree = "<group>"; };
		995D2D8D278EEE74002438FF /* Profile.swift */ = {isa = PBXFileReference; lastKnownFileType = sourcecode.swift; path = Profile.swift; sourceTree = "<group>"; };
		995D2D90278EEEB9002438FF /* ProfileHost.swift */ = {isa = PBXFileReference; lastKnownFileType = sourcecode.swift; path = ProfileHost.swift; sourceTree = "<group>"; };
		995D2D92278EEF07002438FF /* ProfileSummary.swift */ = {isa = PBXFileReference; lastKnownFileType = sourcecode.swift; path = ProfileSummary.swift; sourceTree = "<group>"; };
		995D2D94278EEF9E002438FF /* HikeBadge.swift */ = {isa = PBXFileReference; lastKnownFileType = sourcecode.swift; path = HikeBadge.swift; sourceTree = "<group>"; };
		995D2D96278EF1DA002438FF /* ProfileEditor.swift */ = {isa = PBXFileReference; lastKnownFileType = sourcecode.swift; path = ProfileEditor.swift; sourceTree = "<group>"; };
		99B4D76F2785B9BC00A82B5B /* FavoriteButton.swift */ = {isa = PBXFileReference; lastKnownFileType = sourcecode.swift; path = FavoriteButton.swift; sourceTree = "<group>"; };
		99E34F2C278488CD00631575 /* landmarkData.json */ = {isa = PBXFileReference; fileEncoding = 4; lastKnownFileType = text.json; path = landmarkData.json; sourceTree = "<group>"; };
		99E34F2E2784890F00631575 /* Landmark.swift */ = {isa = PBXFileReference; lastKnownFileType = sourcecode.swift; path = Landmark.swift; sourceTree = "<group>"; };
		99E34F3027848AFF00631575 /* ModelData.swift */ = {isa = PBXFileReference; lastKnownFileType = sourcecode.swift; path = ModelData.swift; sourceTree = "<group>"; };
		99E34F3527848D5800631575 /* LandmarkRow.swift */ = {isa = PBXFileReference; lastKnownFileType = sourcecode.swift; path = LandmarkRow.swift; sourceTree = "<group>"; };
		99E34F372784902700631575 /* LandmarkList.swift */ = {isa = PBXFileReference; lastKnownFileType = sourcecode.swift; path = LandmarkList.swift; sourceTree = "<group>"; };
		99E34F39278492F900631575 /* LandmarkDetail.swift */ = {isa = PBXFileReference; lastKnownFileType = sourcecode.swift; path = LandmarkDetail.swift; sourceTree = "<group>"; };
		99E3877A27627B4100F3C951 /* landmarksTutorial.app */ = {isa = PBXFileReference; explicitFileType = wrapper.application; includeInIndex = 0; path = landmarksTutorial.app; sourceTree = BUILT_PRODUCTS_DIR; };
		99E3877D27627B4100F3C951 /* landmarksTutorialApp.swift */ = {isa = PBXFileReference; lastKnownFileType = sourcecode.swift; path = landmarksTutorialApp.swift; sourceTree = "<group>"; };
		99E3877F27627B4100F3C951 /* ContentView.swift */ = {isa = PBXFileReference; lastKnownFileType = sourcecode.swift; path = ContentView.swift; sourceTree = "<group>"; };
		99E3878127627B4500F3C951 /* Assets.xcassets */ = {isa = PBXFileReference; lastKnownFileType = folder.assetcatalog; path = Assets.xcassets; sourceTree = "<group>"; };
		99E3878427627B4500F3C951 /* Preview Assets.xcassets */ = {isa = PBXFileReference; lastKnownFileType = folder.assetcatalog; path = "Preview Assets.xcassets"; sourceTree = "<group>"; };
		99E3878A27627B4500F3C951 /* landmarksTutorialTests.xctest */ = {isa = PBXFileReference; explicitFileType = wrapper.cfbundle; includeInIndex = 0; path = landmarksTutorialTests.xctest; sourceTree = BUILT_PRODUCTS_DIR; };
		99E3878E27627B4500F3C951 /* landmarksTutorialTests.swift */ = {isa = PBXFileReference; lastKnownFileType = sourcecode.swift; path = landmarksTutorialTests.swift; sourceTree = "<group>"; };
		99E3879427627B4500F3C951 /* landmarksTutorialUITests.xctest */ = {isa = PBXFileReference; explicitFileType = wrapper.cfbundle; includeInIndex = 0; path = landmarksTutorialUITests.xctest; sourceTree = BUILT_PRODUCTS_DIR; };
		99E3879827627B4500F3C951 /* landmarksTutorialUITests.swift */ = {isa = PBXFileReference; lastKnownFileType = sourcecode.swift; path = landmarksTutorialUITests.swift; sourceTree = "<group>"; };
		99E3879A27627B4500F3C951 /* landmarksTutorialUITestsLaunchTests.swift */ = {isa = PBXFileReference; lastKnownFileType = sourcecode.swift; path = landmarksTutorialUITestsLaunchTests.swift; sourceTree = "<group>"; };
		99E387A72762820D00F3C951 /* CircleImage.swift */ = {isa = PBXFileReference; lastKnownFileType = sourcecode.swift; path = CircleImage.swift; sourceTree = "<group>"; };
/* End PBXFileReference section */

/* Begin PBXFrameworksBuildPhase section */
		99E3877727627B4100F3C951 /* Frameworks */ = {
			isa = PBXFrameworksBuildPhase;
			buildActionMask = 2147483647;
			files = (
			);
			runOnlyForDeploymentPostprocessing = 0;
		};
		99E3878727627B4500F3C951 /* Frameworks */ = {
			isa = PBXFrameworksBuildPhase;
			buildActionMask = 2147483647;
			files = (
			);
			runOnlyForDeploymentPostprocessing = 0;
		};
		99E3879127627B4500F3C951 /* Frameworks */ = {
			isa = PBXFrameworksBuildPhase;
			buildActionMask = 2147483647;
			files = (
			);
			runOnlyForDeploymentPostprocessing = 0;
		};
/* End PBXFrameworksBuildPhase section */

/* Begin PBXGroup section */
		9930E84D278B6DD90037FA86 /* Badges */ = {
			isa = PBXGroup;
			children = (
				9930E841278B5FA10037FA86 /* HexagonParameters.swift */,
				9930E843278B607D0037FA86 /* BadgeBackground.swift */,
				9930E847278B6BF50037FA86 /* BadgeSymbol.swift */,
				9930E849278B6C950037FA86 /* RotatedBadgeSymbol.swift */,
				9930E84B278B6CFC0037FA86 /* Badge.swift */,
			);
			path = Badges;
			sourceTree = "<group>";
		};
		9930E854278B6FAA0037FA86 /* Hikes */ = {
			isa = PBXGroup;
			children = (
				9930E855278B6FAA0037FA86 /* GraphCapsule.swift */,
				9930E856278B6FAA0037FA86 /* HikeGraph.swift */,
				9930E857278B6FAA0037FA86 /* HikeDetail.swift */,
				9930E858278B6FAA0037FA86 /* HikeView.swift */,
				995D2D94278EEF9E002438FF /* HikeBadge.swift */,
			);
			path = Hikes;
			sourceTree = "<group>";
		};
		9930E85D278B90D10037FA86 /* Categories */ = {
			isa = PBXGroup;
			children = (
				9930E85E278B90EB0037FA86 /* CategoryHome.swift */,
				9930E860278B95DA0037FA86 /* CategoryRow.swift */,
				9930E862278B995A0037FA86 /* CategoryItem.swift */,
			);
			path = Categories;
			sourceTree = "<group>";
		};
		995D2D8F278EEEA2002438FF /* Profiles */ = {
			isa = PBXGroup;
			children = (
				995D2D90278EEEB9002438FF /* ProfileHost.swift */,
				995D2D92278EEF07002438FF /* ProfileSummary.swift */,
				995D2D96278EF1DA002438FF /* ProfileEditor.swift */,
			);
			path = Profiles;
			sourceTree = "<group>";
		};
		99B4D7712785BAA900A82B5B /* Landmarks */ = {
			isa = PBXGroup;
			children = (
				99E34F3527848D5800631575 /* LandmarkRow.swift */,
				99E34F372784902700631575 /* LandmarkList.swift */,
				99E34F39278492F900631575 /* LandmarkDetail.swift */,
			);
			path = Landmarks;
			sourceTree = "<group>";
		};
		99B4D7722785BAC600A82B5B /* Helpers */ = {
			isa = PBXGroup;
			children = (
				991D1FED2762E2C000A12D02 /* MapView.swift */,
				99E387A72762820D00F3C951 /* CircleImage.swift */,
				99B4D76F2785B9BC00A82B5B /* FavoriteButton.swift */,
			);
			path = Helpers;
			sourceTree = "<group>";
		};
		99E34F3227848C9100631575 /* Views */ = {
			isa = PBXGroup;
			children = (
				995D2D8F278EEEA2002438FF /* Profiles */,
				99E3877F27627B4100F3C951 /* ContentView.swift */,
				9930E85D278B90D10037FA86 /* Categories */,
				9930E854278B6FAA0037FA86 /* Hikes */,
				99B4D7712785BAA900A82B5B /* Landmarks */,
				99B4D7722785BAC600A82B5B /* Helpers */,
				9930E84D278B6DD90037FA86 /* Badges */,
			);
			path = Views;
			sourceTree = "<group>";
		};
		99E34F3327848CBC00631575 /* Resources */ = {
			isa = PBXGroup;
			children = (
				9930E84E278B6F260037FA86 /* hikeData.json */,
				99E34F2C278488CD00631575 /* landmarkData.json */,
			);
			path = Resources;
			sourceTree = "<group>";
		};
		99E34F3427848CDA00631575 /* Models */ = {
			isa = PBXGroup;
			children = (
				99E34F3027848AFF00631575 /* ModelData.swift */,
				99E34F2E2784890F00631575 /* Landmark.swift */,
				9930E850278B6F470037FA86 /* Hike.swift */,
				995D2D8D278EEE74002438FF /* Profile.swift */,
			);
			path = Models;
			sourceTree = "<group>";
		};
		99E3877127627B4100F3C951 = {
			isa = PBXGroup;
			children = (
				99E3877C27627B4100F3C951 /* landmarksTutorial */,
				99E3878D27627B4500F3C951 /* landmarksTutorialTests */,
				99E3879727627B4500F3C951 /* landmarksTutorialUITests */,
				99E3877B27627B4100F3C951 /* Products */,
			);
			sourceTree = "<group>";
		};
		99E3877B27627B4100F3C951 /* Products */ = {
			isa = PBXGroup;
			children = (
				99E3877A27627B4100F3C951 /* landmarksTutorial.app */,
				99E3878A27627B4500F3C951 /* landmarksTutorialTests.xctest */,
				99E3879427627B4500F3C951 /* landmarksTutorialUITests.xctest */,
			);
			name = Products;
			sourceTree = "<group>";
		};
		99E3877C27627B4100F3C951 /* landmarksTutorial */ = {
			isa = PBXGroup;
			children = (
				99E3877D27627B4100F3C951 /* landmarksTutorialApp.swift */,
				99E34F3227848C9100631575 /* Views */,
				99E34F3427848CDA00631575 /* Models */,
				99E34F3327848CBC00631575 /* Resources */,
				99E3878127627B4500F3C951 /* Assets.xcassets */,
				99E3878327627B4500F3C951 /* Preview Content */,
			);
			path = landmarksTutorial;
			sourceTree = "<group>";
		};
		99E3878327627B4500F3C951 /* Preview Content */ = {
			isa = PBXGroup;
			children = (
				99E3878427627B4500F3C951 /* Preview Assets.xcassets */,
			);
			path = "Preview Content";
			sourceTree = "<group>";
		};
		99E3878D27627B4500F3C951 /* landmarksTutorialTests */ = {
			isa = PBXGroup;
			children = (
				99E3878E27627B4500F3C951 /* landmarksTutorialTests.swift */,
			);
			path = landmarksTutorialTests;
			sourceTree = "<group>";
		};
		99E3879727627B4500F3C951 /* landmarksTutorialUITests */ = {
			isa = PBXGroup;
			children = (
				99E3879827627B4500F3C951 /* landmarksTutorialUITests.swift */,
				99E3879A27627B4500F3C951 /* landmarksTutorialUITestsLaunchTests.swift */,
			);
			path = landmarksTutorialUITests;
			sourceTree = "<group>";
		};
/* End PBXGroup section */

/* Begin PBXNativeTarget section */
		99E3877927627B4100F3C951 /* landmarksTutorial */ = {
			isa = PBXNativeTarget;
			buildConfigurationList = 99E3879E27627B4500F3C951 /* Build configuration list for PBXNativeTarget "landmarksTutorial" */;
			buildPhases = (
				99E3877627627B4100F3C951 /* Sources */,
				99E3877727627B4100F3C951 /* Frameworks */,
				99E3877827627B4100F3C951 /* Resources */,
			);
			buildRules = (
			);
			dependencies = (
			);
			name = landmarksTutorial;
			productName = landmarksTutorial;
			productReference = 99E3877A27627B4100F3C951 /* landmarksTutorial.app */;
			productType = "com.apple.product-type.application";
		};
		99E3878927627B4500F3C951 /* landmarksTutorialTests */ = {
			isa = PBXNativeTarget;
			buildConfigurationList = 99E387A127627B4500F3C951 /* Build configuration list for PBXNativeTarget "landmarksTutorialTests" */;
			buildPhases = (
				99E3878627627B4500F3C951 /* Sources */,
				99E3878727627B4500F3C951 /* Frameworks */,
				99E3878827627B4500F3C951 /* Resources */,
			);
			buildRules = (
			);
			dependencies = (
				99E3878C27627B4500F3C951 /* PBXTargetDependency */,
			);
			name = landmarksTutorialTests;
			productName = landmarksTutorialTests;
			productReference = 99E3878A27627B4500F3C951 /* landmarksTutorialTests.xctest */;
			productType = "com.apple.product-type.bundle.unit-test";
		};
		99E3879327627B4500F3C951 /* landmarksTutorialUITests */ = {
			isa = PBXNativeTarget;
			buildConfigurationList = 99E387A427627B4500F3C951 /* Build configuration list for PBXNativeTarget "landmarksTutorialUITests" */;
			buildPhases = (
				99E3879027627B4500F3C951 /* Sources */,
				99E3879127627B4500F3C951 /* Frameworks */,
				99E3879227627B4500F3C951 /* Resources */,
			);
			buildRules = (
			);
			dependencies = (
				99E3879627627B4500F3C951 /* PBXTargetDependency */,
			);
			name = landmarksTutorialUITests;
			productName = landmarksTutorialUITests;
			productReference = 99E3879427627B4500F3C951 /* landmarksTutorialUITests.xctest */;
			productType = "com.apple.product-type.bundle.ui-testing";
		};
/* End PBXNativeTarget section */

/* Begin PBXProject section */
		99E3877227627B4100F3C951 /* Project object */ = {
			isa = PBXProject;
			attributes = {
				BuildIndependentTargetsInParallel = 1;
				LastSwiftUpdateCheck = 1310;
				LastUpgradeCheck = 1310;
				TargetAttributes = {
					99E3877927627B4100F3C951 = {
						CreatedOnToolsVersion = 13.1;
					};
					99E3878927627B4500F3C951 = {
						CreatedOnToolsVersion = 13.1;
						TestTargetID = 99E3877927627B4100F3C951;
					};
					99E3879327627B4500F3C951 = {
						CreatedOnToolsVersion = 13.1;
						TestTargetID = 99E3877927627B4100F3C951;
					};
				};
			};
			buildConfigurationList = 99E3877527627B4100F3C951 /* Build configuration list for PBXProject "landmarksTutorial" */;
			compatibilityVersion = "Xcode 13.0";
			developmentRegion = en;
			hasScannedForEncodings = 0;
			knownRegions = (
				en,
				Base,
			);
			mainGroup = 99E3877127627B4100F3C951;
			productRefGroup = 99E3877B27627B4100F3C951 /* Products */;
			projectDirPath = "";
			projectRoot = "";
			targets = (
				99E3877927627B4100F3C951 /* landmarksTutorial */,
				99E3878927627B4500F3C951 /* landmarksTutorialTests */,
				99E3879327627B4500F3C951 /* landmarksTutorialUITests */,
			);
		};
/* End PBXProject section */

/* Begin PBXResourcesBuildPhase section */
		99E3877827627B4100F3C951 /* Resources */ = {
			isa = PBXResourcesBuildPhase;
			buildActionMask = 2147483647;
			files = (
				9930E84F278B6F260037FA86 /* hikeData.json in Resources */,
				99E3878527627B4500F3C951 /* Preview Assets.xcassets in Resources */,
				99E3878227627B4500F3C951 /* Assets.xcassets in Resources */,
				99E34F2D278488CD00631575 /* landmarkData.json in Resources */,
			);
			runOnlyForDeploymentPostprocessing = 0;
		};
		99E3878827627B4500F3C951 /* Resources */ = {
			isa = PBXResourcesBuildPhase;
			buildActionMask = 2147483647;
			files = (
			);
			runOnlyForDeploymentPostprocessing = 0;
		};
		99E3879227627B4500F3C951 /* Resources */ = {
			isa = PBXResourcesBuildPhase;
			buildActionMask = 2147483647;
			files = (
			);
			runOnlyForDeploymentPostprocessing = 0;
		};
/* End PBXResourcesBuildPhase section */

/* Begin PBXSourcesBuildPhase section */
		99E3877627627B4100F3C951 /* Sources */ = {
			isa = PBXSourcesBuildPhase;
			buildActionMask = 2147483647;
			files = (
				9930E861278B95DA0037FA86 /* CategoryRow.swift in Sources */,
				995D2D8E278EEE74002438FF /* Profile.swift in Sources */,
				99E3878027627B4100F3C951 /* ContentView.swift in Sources */,
				9930E85F278B90EB0037FA86 /* CategoryHome.swift in Sources */,
				9930E85A278B6FAA0037FA86 /* HikeGraph.swift in Sources */,
				9930E84C278B6CFC0037FA86 /* Badge.swift in Sources */,
				991D1FEE2762E2C000A12D02 /* MapView.swift in Sources */,
				9930E859278B6FAA0037FA86 /* GraphCapsule.swift in Sources */,
				99E3877E27627B4100F3C951 /* landmarksTutorialApp.swift in Sources */,
				99B4D7702785B9BC00A82B5B /* FavoriteButton.swift in Sources */,
				9930E863278B995A0037FA86 /* CategoryItem.swift in Sources */,
				9930E85B278B6FAA0037FA86 /* HikeDetail.swift in Sources */,
				995D2D93278EEF07002438FF /* ProfileSummary.swift in Sources */,
				9930E842278B5FA10037FA86 /* HexagonParameters.swift in Sources */,
				995D2D91278EEEB9002438FF /* ProfileHost.swift in Sources */,
				9930E851278B6F470037FA86 /* Hike.swift in Sources */,
				9930E84A278B6C950037FA86 /* RotatedBadgeSymbol.swift in Sources */,
				9930E848278B6BF50037FA86 /* BadgeSymbol.swift in Sources */,
				995D2D97278EF1DA002438FF /* ProfileEditor.swift in Sources */,
				99E34F382784902700631575 /* LandmarkList.swift in Sources */,
				9930E85C278B6FAA0037FA86 /* HikeView.swift in Sources */,
				99E34F3A278492F900631575 /* LandmarkDetail.swift in Sources */,
				9930E844278B607D0037FA86 /* BadgeBackground.swift in Sources */,
				995D2D95278EEF9E002438FF /* HikeBadge.swift in Sources */,
				99E387A82762820D00F3C951 /* CircleImage.swift in Sources */,
				99E34F2F2784890F00631575 /* Landmark.swift in Sources */,
				99E34F3627848D5800631575 /* LandmarkRow.swift in Sources */,
				99E34F3127848AFF00631575 /* ModelData.swift in Sources */,
			);
			runOnlyForDeploymentPostprocessing = 0;
		};
		99E3878627627B4500F3C951 /* Sources */ = {
			isa = PBXSourcesBuildPhase;
			buildActionMask = 2147483647;
			files = (
				99E3878F27627B4500F3C951 /* landmarksTutorialTests.swift in Sources */,
			);
			runOnlyForDeploymentPostprocessing = 0;
		};
		99E3879027627B4500F3C951 /* Sources */ = {
			isa = PBXSourcesBuildPhase;
			buildActionMask = 2147483647;
			files = (
				99E3879B27627B4500F3C951 /* landmarksTutorialUITestsLaunchTests.swift in Sources */,
				99E3879927627B4500F3C951 /* landmarksTutorialUITests.swift in Sources */,
			);
			runOnlyForDeploymentPostprocessing = 0;
		};
/* End PBXSourcesBuildPhase section */

/* Begin PBXTargetDependency section */
		99E3878C27627B4500F3C951 /* PBXTargetDependency */ = {
			isa = PBXTargetDependency;
			target = 99E3877927627B4100F3C951 /* landmarksTutorial */;
			targetProxy = 99E3878B27627B4500F3C951 /* PBXContainerItemProxy */;
		};
		99E3879627627B4500F3C951 /* PBXTargetDependency */ = {
			isa = PBXTargetDependency;
			target = 99E3877927627B4100F3C951 /* landmarksTutorial */;
			targetProxy = 99E3879527627B4500F3C951 /* PBXContainerItemProxy */;
		};
/* End PBXTargetDependency section */

/* Begin XCBuildConfiguration section */
		99E3879C27627B4500F3C951 /* Debug */ = {
			isa = XCBuildConfiguration;
			buildSettings = {
				ALWAYS_SEARCH_USER_PATHS = NO;
				CLANG_ANALYZER_NONNULL = YES;
				CLANG_ANALYZER_NUMBER_OBJECT_CONVERSION = YES_AGGRESSIVE;
				CLANG_CXX_LANGUAGE_STANDARD = "gnu++17";
				CLANG_CXX_LIBRARY = "libc++";
				CLANG_ENABLE_MODULES = YES;
				CLANG_ENABLE_OBJC_ARC = YES;
				CLANG_ENABLE_OBJC_WEAK = YES;
				CLANG_WARN_BLOCK_CAPTURE_AUTORELEASING = YES;
				CLANG_WARN_BOOL_CONVERSION = YES;
				CLANG_WARN_COMMA = YES;
				CLANG_WARN_CONSTANT_CONVERSION = YES;
				CLANG_WARN_DEPRECATED_OBJC_IMPLEMENTATIONS = YES;
				CLANG_WARN_DIRECT_OBJC_ISA_USAGE = YES_ERROR;
				CLANG_WARN_DOCUMENTATION_COMMENTS = YES;
				CLANG_WARN_EMPTY_BODY = YES;
				CLANG_WARN_ENUM_CONVERSION = YES;
				CLANG_WARN_INFINITE_RECURSION = YES;
				CLANG_WARN_INT_CONVERSION = YES;
				CLANG_WARN_NON_LITERAL_NULL_CONVERSION = YES;
				CLANG_WARN_OBJC_IMPLICIT_RETAIN_SELF = YES;
				CLANG_WARN_OBJC_LITERAL_CONVERSION = YES;
				CLANG_WARN_OBJC_ROOT_CLASS = YES_ERROR;
				CLANG_WARN_QUOTED_INCLUDE_IN_FRAMEWORK_HEADER = YES;
				CLANG_WARN_RANGE_LOOP_ANALYSIS = YES;
				CLANG_WARN_STRICT_PROTOTYPES = YES;
				CLANG_WARN_SUSPICIOUS_MOVE = YES;
				CLANG_WARN_UNGUARDED_AVAILABILITY = YES_AGGRESSIVE;
				CLANG_WARN_UNREACHABLE_CODE = YES;
				CLANG_WARN__DUPLICATE_METHOD_MATCH = YES;
				COPY_PHASE_STRIP = NO;
				DEBUG_INFORMATION_FORMAT = dwarf;
				ENABLE_STRICT_OBJC_MSGSEND = YES;
				ENABLE_TESTABILITY = YES;
				GCC_C_LANGUAGE_STANDARD = gnu11;
				GCC_DYNAMIC_NO_PIC = NO;
				GCC_NO_COMMON_BLOCKS = YES;
				GCC_OPTIMIZATION_LEVEL = 0;
				GCC_PREPROCESSOR_DEFINITIONS = (
					"DEBUG=1",
					"$(inherited)",
				);
				GCC_WARN_64_TO_32_BIT_CONVERSION = YES;
				GCC_WARN_ABOUT_RETURN_TYPE = YES_ERROR;
				GCC_WARN_UNDECLARED_SELECTOR = YES;
				GCC_WARN_UNINITIALIZED_AUTOS = YES_AGGRESSIVE;
				GCC_WARN_UNUSED_FUNCTION = YES;
				GCC_WARN_UNUSED_VARIABLE = YES;
				IPHONEOS_DEPLOYMENT_TARGET = 15.0;
				MTL_ENABLE_DEBUG_INFO = INCLUDE_SOURCE;
				MTL_FAST_MATH = YES;
				ONLY_ACTIVE_ARCH = YES;
				SDKROOT = iphoneos;
				SWIFT_ACTIVE_COMPILATION_CONDITIONS = DEBUG;
				SWIFT_OPTIMIZATION_LEVEL = "-Onone";
			};
			name = Debug;
		};
		99E3879D27627B4500F3C951 /* Release */ = {
			isa = XCBuildConfiguration;
			buildSettings = {
				ALWAYS_SEARCH_USER_PATHS = NO;
				CLANG_ANALYZER_NONNULL = YES;
				CLANG_ANALYZER_NUMBER_OBJECT_CONVERSION = YES_AGGRESSIVE;
				CLANG_CXX_LANGUAGE_STANDARD = "gnu++17";
				CLANG_CXX_LIBRARY = "libc++";
				CLANG_ENABLE_MODULES = YES;
				CLANG_ENABLE_OBJC_ARC = YES;
				CLANG_ENABLE_OBJC_WEAK = YES;
				CLANG_WARN_BLOCK_CAPTURE_AUTORELEASING = YES;
				CLANG_WARN_BOOL_CONVERSION = YES;
				CLANG_WARN_COMMA = YES;
				CLANG_WARN_CONSTANT_CONVERSION = YES;
				CLANG_WARN_DEPRECATED_OBJC_IMPLEMENTATIONS = YES;
				CLANG_WARN_DIRECT_OBJC_ISA_USAGE = YES_ERROR;
				CLANG_WARN_DOCUMENTATION_COMMENTS = YES;
				CLANG_WARN_EMPTY_BODY = YES;
				CLANG_WARN_ENUM_CONVERSION = YES;
				CLANG_WARN_INFINITE_RECURSION = YES;
				CLANG_WARN_INT_CONVERSION = YES;
				CLANG_WARN_NON_LITERAL_NULL_CONVERSION = YES;
				CLANG_WARN_OBJC_IMPLICIT_RETAIN_SELF = YES;
				CLANG_WARN_OBJC_LITERAL_CONVERSION = YES;
				CLANG_WARN_OBJC_ROOT_CLASS = YES_ERROR;
				CLANG_WARN_QUOTED_INCLUDE_IN_FRAMEWORK_HEADER = YES;
				CLANG_WARN_RANGE_LOOP_ANALYSIS = YES;
				CLANG_WARN_STRICT_PROTOTYPES = YES;
				CLANG_WARN_SUSPICIOUS_MOVE = YES;
				CLANG_WARN_UNGUARDED_AVAILABILITY = YES_AGGRESSIVE;
				CLANG_WARN_UNREACHABLE_CODE = YES;
				CLANG_WARN__DUPLICATE_METHOD_MATCH = YES;
				COPY_PHASE_STRIP = NO;
				DEBUG_INFORMATION_FORMAT = "dwarf-with-dsym";
				ENABLE_NS_ASSERTIONS = NO;
				ENABLE_STRICT_OBJC_MSGSEND = YES;
				GCC_C_LANGUAGE_STANDARD = gnu11;
				GCC_NO_COMMON_BLOCKS = YES;
				GCC_WARN_64_TO_32_BIT_CONVERSION = YES;
				GCC_WARN_ABOUT_RETURN_TYPE = YES_ERROR;
				GCC_WARN_UNDECLARED_SELECTOR = YES;
				GCC_WARN_UNINITIALIZED_AUTOS = YES_AGGRESSIVE;
				GCC_WARN_UNUSED_FUNCTION = YES;
				GCC_WARN_UNUSED_VARIABLE = YES;
				IPHONEOS_DEPLOYMENT_TARGET = 15.0;
				MTL_ENABLE_DEBUG_INFO = NO;
				MTL_FAST_MATH = YES;
				SDKROOT = iphoneos;
				SWIFT_COMPILATION_MODE = wholemodule;
				SWIFT_OPTIMIZATION_LEVEL = "-O";
				VALIDATE_PRODUCT = YES;
			};
			name = Release;
		};
		99E3879F27627B4500F3C951 /* Debug */ = {
			isa = XCBuildConfiguration;
			buildSettings = {
				ASSETCATALOG_COMPILER_APPICON_NAME = AppIcon;
				ASSETCATALOG_COMPILER_GLOBAL_ACCENT_COLOR_NAME = AccentColor;
				CODE_SIGN_STYLE = Automatic;
				CURRENT_PROJECT_VERSION = 1;
				DEVELOPMENT_ASSET_PATHS = "\"landmarksTutorial/Preview Content\"";
				DEVELOPMENT_TEAM = K4939JV3B5;
				ENABLE_PREVIEWS = YES;
				GENERATE_INFOPLIST_FILE = YES;
				INFOPLIST_KEY_UIApplicationSceneManifest_Generation = YES;
				INFOPLIST_KEY_UIApplicationSupportsIndirectInputEvents = YES;
				INFOPLIST_KEY_UILaunchScreen_Generation = YES;
				INFOPLIST_KEY_UISupportedInterfaceOrientations_iPad = "UIInterfaceOrientationPortrait UIInterfaceOrientationPortraitUpsideDown UIInterfaceOrientationLandscapeLeft UIInterfaceOrientationLandscapeRight";
				INFOPLIST_KEY_UISupportedInterfaceOrientations_iPhone = "UIInterfaceOrientationPortrait UIInterfaceOrientationLandscapeLeft UIInterfaceOrientationLandscapeRight";
				IPHONEOS_DEPLOYMENT_TARGET = 15.0;
				LD_RUNPATH_SEARCH_PATHS = (
					"$(inherited)",
					"@executable_path/Frameworks",
				);
				MARKETING_VERSION = 1.0;
				PRODUCT_BUNDLE_IDENTIFIER = michel.bernardo.landmarksTutorial;
				PRODUCT_NAME = "$(TARGET_NAME)";
				SWIFT_EMIT_LOC_STRINGS = YES;
				SWIFT_VERSION = 5.0;
				TARGETED_DEVICE_FAMILY = "1,2";
			};
			name = Debug;
		};
		99E387A027627B4500F3C951 /* Release */ = {
			isa = XCBuildConfiguration;
			buildSettings = {
				ASSETCATALOG_COMPILER_APPICON_NAME = AppIcon;
				ASSETCATALOG_COMPILER_GLOBAL_ACCENT_COLOR_NAME = AccentColor;
				CODE_SIGN_STYLE = Automatic;
				CURRENT_PROJECT_VERSION = 1;
				DEVELOPMENT_ASSET_PATHS = "\"landmarksTutorial/Preview Content\"";
				DEVELOPMENT_TEAM = K4939JV3B5;
				ENABLE_PREVIEWS = YES;
				GENERATE_INFOPLIST_FILE = YES;
				INFOPLIST_KEY_UIApplicationSceneManifest_Generation = YES;
				INFOPLIST_KEY_UIApplicationSupportsIndirectInputEvents = YES;
				INFOPLIST_KEY_UILaunchScreen_Generation = YES;
				INFOPLIST_KEY_UISupportedInterfaceOrientations_iPad = "UIInterfaceOrientationPortrait UIInterfaceOrientationPortraitUpsideDown UIInterfaceOrientationLandscapeLeft UIInterfaceOrientationLandscapeRight";
				INFOPLIST_KEY_UISupportedInterfaceOrientations_iPhone = "UIInterfaceOrientationPortrait UIInterfaceOrientationLandscapeLeft UIInterfaceOrientationLandscapeRight";
				IPHONEOS_DEPLOYMENT_TARGET = 15.0;
				LD_RUNPATH_SEARCH_PATHS = (
					"$(inherited)",
					"@executable_path/Frameworks",
				);
				MARKETING_VERSION = 1.0;
				PRODUCT_BUNDLE_IDENTIFIER = michel.bernardo.landmarksTutorial;
				PRODUCT_NAME = "$(TARGET_NAME)";
				SWIFT_EMIT_LOC_STRINGS = YES;
				SWIFT_VERSION = 5.0;
				TARGETED_DEVICE_FAMILY = "1,2";
			};
			name = Release;
		};
		99E387A227627B4500F3C951 /* Debug */ = {
			isa = XCBuildConfiguration;
			buildSettings = {
				ALWAYS_EMBED_SWIFT_STANDARD_LIBRARIES = YES;
				BUNDLE_LOADER = "$(TEST_HOST)";
				CODE_SIGN_STYLE = Automatic;
				CURRENT_PROJECT_VERSION = 1;
				DEVELOPMENT_TEAM = K4939JV3B5;
				GENERATE_INFOPLIST_FILE = YES;
				IPHONEOS_DEPLOYMENT_TARGET = 15.0;
				LD_RUNPATH_SEARCH_PATHS = (
					"$(inherited)",
					"@executable_path/Frameworks",
					"@loader_path/Frameworks",
				);
				MARKETING_VERSION = 1.0;
				PRODUCT_BUNDLE_IDENTIFIER = michel.bernardo.landmarksTutorialTests;
				PRODUCT_NAME = "$(TARGET_NAME)";
				SWIFT_EMIT_LOC_STRINGS = NO;
				SWIFT_VERSION = 5.0;
				TARGETED_DEVICE_FAMILY = "1,2";
				TEST_HOST = "$(BUILT_PRODUCTS_DIR)/landmarksTutorial.app/landmarksTutorial";
			};
			name = Debug;
		};
		99E387A327627B4500F3C951 /* Release */ = {
			isa = XCBuildConfiguration;
			buildSettings = {
				ALWAYS_EMBED_SWIFT_STANDARD_LIBRARIES = YES;
				BUNDLE_LOADER = "$(TEST_HOST)";
				CODE_SIGN_STYLE = Automatic;
				CURRENT_PROJECT_VERSION = 1;
				DEVELOPMENT_TEAM = K4939JV3B5;
				GENERATE_INFOPLIST_FILE = YES;
				IPHONEOS_DEPLOYMENT_TARGET = 15.0;
				LD_RUNPATH_SEARCH_PATHS = (
					"$(inherited)",
					"@executable_path/Frameworks",
					"@loader_path/Frameworks",
				);
				MARKETING_VERSION = 1.0;
				PRODUCT_BUNDLE_IDENTIFIER = michel.bernardo.landmarksTutorialTests;
				PRODUCT_NAME = "$(TARGET_NAME)";
				SWIFT_EMIT_LOC_STRINGS = NO;
				SWIFT_VERSION = 5.0;
				TARGETED_DEVICE_FAMILY = "1,2";
				TEST_HOST = "$(BUILT_PRODUCTS_DIR)/landmarksTutorial.app/landmarksTutorial";
			};
			name = Release;
		};
		99E387A527627B4500F3C951 /* Debug */ = {
			isa = XCBuildConfiguration;
			buildSettings = {
				ALWAYS_EMBED_SWIFT_STANDARD_LIBRARIES = YES;
				CODE_SIGN_STYLE = Automatic;
				CURRENT_PROJECT_VERSION = 1;
				DEVELOPMENT_TEAM = K4939JV3B5;
				GENERATE_INFOPLIST_FILE = YES;
				LD_RUNPATH_SEARCH_PATHS = (
					"$(inherited)",
					"@executable_path/Frameworks",
					"@loader_path/Frameworks",
				);
				MARKETING_VERSION = 1.0;
				PRODUCT_BUNDLE_IDENTIFIER = michel.bernardo.landmarksTutorialUITests;
				PRODUCT_NAME = "$(TARGET_NAME)";
				SWIFT_EMIT_LOC_STRINGS = NO;
				SWIFT_VERSION = 5.0;
				TARGETED_DEVICE_FAMILY = "1,2";
				TEST_TARGET_NAME = landmarksTutorial;
			};
			name = Debug;
		};
		99E387A627627B4500F3C951 /* Release */ = {
			isa = XCBuildConfiguration;
			buildSettings = {
				ALWAYS_EMBED_SWIFT_STANDARD_LIBRARIES = YES;
				CODE_SIGN_STYLE = Automatic;
				CURRENT_PROJECT_VERSION = 1;
				DEVELOPMENT_TEAM = K4939JV3B5;
				GENERATE_INFOPLIST_FILE = YES;
				LD_RUNPATH_SEARCH_PATHS = (
					"$(inherited)",
					"@executable_path/Frameworks",
					"@loader_path/Frameworks",
				);
				MARKETING_VERSION = 1.0;
				PRODUCT_BUNDLE_IDENTIFIER = michel.bernardo.landmarksTutorialUITests;
				PRODUCT_NAME = "$(TARGET_NAME)";
				SWIFT_EMIT_LOC_STRINGS = NO;
				SWIFT_VERSION = 5.0;
				TARGETED_DEVICE_FAMILY = "1,2";
				TEST_TARGET_NAME = landmarksTutorial;
			};
			name = Release;
		};
/* End XCBuildConfiguration section */

/* Begin XCConfigurationList section */
		99E3877527627B4100F3C951 /* Build configuration list for PBXProject "landmarksTutorial" */ = {
			isa = XCConfigurationList;
			buildConfigurations = (
				99E3879C27627B4500F3C951 /* Debug */,
				99E3879D27627B4500F3C951 /* Release */,
			);
			defaultConfigurationIsVisible = 0;
			defaultConfigurationName = Release;
		};
		99E3879E27627B4500F3C951 /* Build configuration list for PBXNativeTarget "landmarksTutorial" */ = {
			isa = XCConfigurationList;
			buildConfigurations = (
				99E3879F27627B4500F3C951 /* Debug */,
				99E387A027627B4500F3C951 /* Release */,
			);
			defaultConfigurationIsVisible = 0;
			defaultConfigurationName = Release;
		};
		99E387A127627B4500F3C951 /* Build configuration list for PBXNativeTarget "landmarksTutorialTests" */ = {
			isa = XCConfigurationList;
			buildConfigurations = (
				99E387A227627B4500F3C951 /* Debug */,
				99E387A327627B4500F3C951 /* Release */,
			);
			defaultConfigurationIsVisible = 0;
			defaultConfigurationName = Release;
		};
		99E387A427627B4500F3C951 /* Build configuration list for PBXNativeTarget "landmarksTutorialUITests" */ = {
			isa = XCConfigurationList;
			buildConfigurations = (
				99E387A527627B4500F3C951 /* Debug */,
				99E387A627627B4500F3C951 /* Release */,
			);
			defaultConfigurationIsVisible = 0;
			defaultConfigurationName = Release;
		};
/* End XCConfigurationList section */
	};
	rootObject = 99E3877227627B4100F3C951 /* Project object */;
}
